
Microsoft Visual Studio Solution File, Format Version 12.00
# Visual Studio 14
VisualStudioVersion = 14.0.25420.1
MinimumVisualStudioVersion = 10.0.40219.1
Project("{2150E333-8FDC-42A3-9474-1A3956D46DE8}") = "src", "src", "{90EDCB13-5250-45BA-87C3-60D42805396E}"
EndProject
Project("{2150E333-8FDC-42A3-9474-1A3956D46DE8}") = "Solution Items", "Solution Items", "{23681D30-DC10-4373-9CCE-22045C2EAD5E}"
	ProjectSection(SolutionItems) = preProject
		global.json = global.json
	EndProjectSection
EndProject
Project("{8BB2217D-0F2D-49D1-97BC-3654ED321F3B}") = "NascoWebAPI", "src\NascoWebAPI\NascoWebAPI.xproj", "{3CC1F704-44E7-4D5E-9993-0908826E401B}"
EndProject
Global
	GlobalSection(SolutionConfigurationPlatforms) = preSolution
		Debug|Any CPU = Debug|Any CPU
		Release|Any CPU = Release|Any CPU
	EndGlobalSection
	GlobalSection(ProjectConfigurationPlatforms) = postSolution
		{3CC1F704-44E7-4D5E-9993-0908826E401B}.Debug|Any CPU.ActiveCfg = Debug|Any CPU
		{3CC1F704-44E7-4D5E-9993-0908826E401B}.Debug|Any CPU.Build.0 = Debug|Any CPU
		{3CC1F704-44E7-4D5E-9993-0908826E401B}.Release|Any CPU.ActiveCfg = Release|Any CPU
		{3CC1F704-44E7-4D5E-9993-0908826E401B}.Release|Any CPU.Build.0 = Release|Any CPU
	EndGlobalSection
	GlobalSection(SolutionProperties) = preSolution
		HideSolutionNode = FALSE
	EndGlobalSection
	GlobalSection(NestedProjects) = preSolution
		{3CC1F704-44E7-4D5E-9993-0908826E401B} = {90EDCB13-5250-45BA-87C3-60D42805396E}
	EndGlobalSection
EndGlobal
